
Microsoft Visual Studio Solution File, Format Version 12.00
# Visual Studio 15
VisualStudioVersion = 15.0.28307.757
MinimumVisualStudioVersion = 10.0.40219.1
Project("{FAE04EC0-301F-11D3-BF4B-00C04F79EFBC}") = "ObjetosOne.Android", "ObjetosOne\ObjetosOne.Android\ObjetosOne.Android.csproj", "{C810628E-6093-42F6-BE03-5618435C1693}"
EndProject
Project("{FAE04EC0-301F-11D3-BF4B-00C04F79EFBC}") = "ObjetosOne", "ObjetosOne\ObjetosOne\ObjetosOne.csproj", "{BD5EE38B-7899-4733-B033-6786D42BFE05}"
EndProject
Global
	GlobalSection(SolutionConfigurationPlatforms) = preSolution
		Debug|Any CPU = Debug|Any CPU
		Release|Any CPU = Release|Any CPU
	EndGlobalSection
	GlobalSection(ProjectConfigurationPlatforms) = postSolution
		{C810628E-6093-42F6-BE03-5618435C1693}.Debug|Any CPU.ActiveCfg = Debug|Any CPU
		{C810628E-6093-42F6-BE03-5618435C1693}.Debug|Any CPU.Build.0 = Debug|Any CPU
		{C810628E-6093-42F6-BE03-5618435C1693}.Debug|Any CPU.Deploy.0 = Debug|Any CPU
		{C810628E-6093-42F6-BE03-5618435C1693}.Release|Any CPU.ActiveCfg = Release|Any CPU
		{C810628E-6093-42F6-BE03-5618435C1693}.Release|Any CPU.Build.0 = Release|Any CPU
		{C810628E-6093-42F6-BE03-5618435C1693}.Release|Any CPU.Deploy.0 = Release|Any CPU
		{BD5EE38B-7899-4733-B033-6786D42BFE05}.Debug|Any CPU.ActiveCfg = Debug|Any CPU
		{BD5EE38B-7899-4733-B033-6786D42BFE05}.Debug|Any CPU.Build.0 = Debug|Any CPU
		{BD5EE38B-7899-4733-B033-6786D42BFE05}.Debug|Any CPU.Deploy.0 = Debug|Any CPU
		{BD5EE38B-7899-4733-B033-6786D42BFE05}.Release|Any CPU.ActiveCfg = Release|Any CPU
		{BD5EE38B-7899-4733-B033-6786D42BFE05}.Release|Any CPU.Build.0 = Release|Any CPU
		{BD5EE38B-7899-4733-B033-6786D42BFE05}.Release|Any CPU.Deploy.0 = Release|Any CPU
	EndGlobalSection
	GlobalSection(SolutionProperties) = preSolution
		HideSolutionNode = FALSE
	EndGlobalSection
	GlobalSection(ExtensibilityGlobals) = postSolution
		SolutionGuid = {30C7C601-C3F8-4CFC-9A2A-1B1F93F8AC1C}
	EndGlobalSection
EndGlobal
